
Microsoft Visual Studio Solution File, Format Version 12.00
# Visual Studio 14
VisualStudioVersion = 14.0.25420.1
MinimumVisualStudioVersion = 10.0.40219.1
Project("{2150E333-8FDC-42A3-9474-1A3956D46DE8}") = "Engine", "Engine", "{D25AA86A-8D22-4EB5-B527-D951AFB3B74E}"
EndProject
Project("{2150E333-8FDC-42A3-9474-1A3956D46DE8}") = "Games", "Games", "{A528CEEA-7744-42E7-98A3-C496D103EAFE}"
EndProject
Project("{8BC9CEB8-8B4A-11D0-8D11-00A0C91BC942}") = "UE4", "Intermediate\ProjectFiles\UE4.vcxproj", "{457BE255-B4EA-4EB0-9E7D-25BEEF129B4D}"
EndProject
Project("{8BC9CEB8-8B4A-11D0-8D11-00A0C91BC942}") = "ClassesTutorial", "Intermediate\ProjectFiles\ClassesTutorial.vcxproj", "{0BF45DC2-C979-4E6C-855F-D8D5D3EFDBF9}"
EndProject
Global
	GlobalSection(SolutionConfigurationPlatforms) = preSolution
		DebugGame Editor|HTML5 = DebugGame Editor|HTML5
		DebugGame Editor|Win32 = DebugGame Editor|Win32
		DebugGame Editor|Win64 = DebugGame Editor|Win64
		DebugGame|HTML5 = DebugGame|HTML5
		DebugGame|Win32 = DebugGame|Win32
		DebugGame|Win64 = DebugGame|Win64
		Development Editor|HTML5 = Development Editor|HTML5
		Development Editor|Win32 = Development Editor|Win32
		Development Editor|Win64 = Development Editor|Win64
		Development|HTML5 = Development|HTML5
		Development|Win32 = Development|Win32
		Development|Win64 = Development|Win64
		Shipping|HTML5 = Shipping|HTML5
		Shipping|Win32 = Shipping|Win32
		Shipping|Win64 = Shipping|Win64
	EndGlobalSection
	GlobalSection(ProjectConfigurationPlatforms) = postSolution
		{457BE255-B4EA-4EB0-9E7D-25BEEF129B4D}.DebugGame Editor|HTML5.ActiveCfg = BuiltWithUnrealBuildTool|Win32
		{457BE255-B4EA-4EB0-9E7D-25BEEF129B4D}.DebugGame Editor|HTML5.Build.0 = BuiltWithUnrealBuildTool|Win32
		{457BE255-B4EA-4EB0-9E7D-25BEEF129B4D}.DebugGame Editor|Win32.ActiveCfg = BuiltWithUnrealBuildTool|Win32
		{457BE255-B4EA-4EB0-9E7D-25BEEF129B4D}.DebugGame Editor|Win32.Build.0 = BuiltWithUnrealBuildTool|Win32
		{457BE255-B4EA-4EB0-9E7D-25BEEF129B4D}.DebugGame Editor|Win64.ActiveCfg = BuiltWithUnrealBuildTool|Win32
		{457BE255-B4EA-4EB0-9E7D-25BEEF129B4D}.DebugGame Editor|Win64.Build.0 = BuiltWithUnrealBuildTool|Win32
		{457BE255-B4EA-4EB0-9E7D-25BEEF129B4D}.DebugGame|HTML5.ActiveCfg = BuiltWithUnrealBuildTool|Win32
		{457BE255-B4EA-4EB0-9E7D-25BEEF129B4D}.DebugGame|HTML5.Build.0 = BuiltWithUnrealBuildTool|Win32
		{457BE255-B4EA-4EB0-9E7D-25BEEF129B4D}.DebugGame|Win32.ActiveCfg = BuiltWithUnrealBuildTool|Win32
		{457BE255-B4EA-4EB0-9E7D-25BEEF129B4D}.DebugGame|Win32.Build.0 = BuiltWithUnrealBuildTool|Win32
		{457BE255-B4EA-4EB0-9E7D-25BEEF129B4D}.DebugGame|Win64.ActiveCfg = BuiltWithUnrealBuildTool|Win32
		{457BE255-B4EA-4EB0-9E7D-25BEEF129B4D}.DebugGame|Win64.Build.0 = BuiltWithUnrealBuildTool|Win32
		{457BE255-B4EA-4EB0-9E7D-25BEEF129B4D}.Development Editor|HTML5.ActiveCfg = BuiltWithUnrealBuildTool|Win32
		{457BE255-B4EA-4EB0-9E7D-25BEEF129B4D}.Development Editor|HTML5.Build.0 = BuiltWithUnrealBuildTool|Win32
		{457BE255-B4EA-4EB0-9E7D-25BEEF129B4D}.Development Editor|Win32.ActiveCfg = BuiltWithUnrealBuildTool|Win32
		{457BE255-B4EA-4EB0-9E7D-25BEEF129B4D}.Development Editor|Win32.Build.0 = BuiltWithUnrealBuildTool|Win32
		{457BE255-B4EA-4EB0-9E7D-25BEEF129B4D}.Development Editor|Win64.ActiveCfg = BuiltWithUnrealBuildTool|Win32
		{457BE255-B4EA-4EB0-9E7D-25BEEF129B4D}.Development Editor|Win64.Build.0 = BuiltWithUnrealBuildTool|Win32
		{457BE255-B4EA-4EB0-9E7D-25BEEF129B4D}.Development|HTML5.ActiveCfg = BuiltWithUnrealBuildTool|Win32
		{457BE255-B4EA-4EB0-9E7D-25BEEF129B4D}.Development|HTML5.Build.0 = BuiltWithUnrealBuildTool|Win32
		{457BE255-B4EA-4EB0-9E7D-25BEEF129B4D}.Development|Win32.ActiveCfg = BuiltWithUnrealBuildTool|Win32
		{457BE255-B4EA-4EB0-9E7D-25BEEF129B4D}.Development|Win32.Build.0 = BuiltWithUnrealBuildTool|Win32
		{457BE255-B4EA-4EB0-9E7D-25BEEF129B4D}.Development|Win64.ActiveCfg = BuiltWithUnrealBuildTool|Win32
		{457BE255-B4EA-4EB0-9E7D-25BEEF129B4D}.Development|Win64.Build.0 = BuiltWithUnrealBuildTool|Win32
		{457BE255-B4EA-4EB0-9E7D-25BEEF129B4D}.Shipping|HTML5.ActiveCfg = BuiltWithUnrealBuildTool|Win32
		{457BE255-B4EA-4EB0-9E7D-25BEEF129B4D}.Shipping|HTML5.Build.0 = BuiltWithUnrealBuildTool|Win32
		{457BE255-B4EA-4EB0-9E7D-25BEEF129B4D}.Shipping|Win32.ActiveCfg = BuiltWithUnrealBuildTool|Win32
		{457BE255-B4EA-4EB0-9E7D-25BEEF129B4D}.Shipping|Win32.Build.0 = BuiltWithUnrealBuildTool|Win32
		{457BE255-B4EA-4EB0-9E7D-25BEEF129B4D}.Shipping|Win64.ActiveCfg = BuiltWithUnrealBuildTool|Win32
		{457BE255-B4EA-4EB0-9E7D-25BEEF129B4D}.Shipping|Win64.Build.0 = BuiltWithUnrealBuildTool|Win32
		{0BF45DC2-C979-4E6C-855F-D8D5D3EFDBF9}.DebugGame Editor|HTML5.ActiveCfg = HTML5_DebugGame_Editor|Win32
		{0BF45DC2-C979-4E6C-855F-D8D5D3EFDBF9}.DebugGame Editor|Win32.ActiveCfg = DebugGame_Editor|Win32
		{0BF45DC2-C979-4E6C-855F-D8D5D3EFDBF9}.DebugGame Editor|Win64.ActiveCfg = DebugGame_Editor|x64
		{0BF45DC2-C979-4E6C-855F-D8D5D3EFDBF9}.DebugGame Editor|Win64.Build.0 = DebugGame_Editor|x64
		{0BF45DC2-C979-4E6C-855F-D8D5D3EFDBF9}.DebugGame|HTML5.ActiveCfg = HTML5_DebugGame_Game|Win32
		{0BF45DC2-C979-4E6C-855F-D8D5D3EFDBF9}.DebugGame|HTML5.Build.0 = HTML5_DebugGame_Game|Win32
		{0BF45DC2-C979-4E6C-855F-D8D5D3EFDBF9}.DebugGame|Win32.ActiveCfg = DebugGame_Game|Win32
		{0BF45DC2-C979-4E6C-855F-D8D5D3EFDBF9}.DebugGame|Win32.Build.0 = DebugGame_Game|Win32
		{0BF45DC2-C979-4E6C-855F-D8D5D3EFDBF9}.DebugGame|Win64.ActiveCfg = DebugGame_Game|x64
		{0BF45DC2-C979-4E6C-855F-D8D5D3EFDBF9}.DebugGame|Win64.Build.0 = DebugGame_Game|x64
		{0BF45DC2-C979-4E6C-855F-D8D5D3EFDBF9}.Development Editor|HTML5.ActiveCfg = HTML5_Development_Editor|Win32
		{0BF45DC2-C979-4E6C-855F-D8D5D3EFDBF9}.Development Editor|Win32.ActiveCfg = Development_Editor|Win32
		{0BF45DC2-C979-4E6C-855F-D8D5D3EFDBF9}.Development Editor|Win64.ActiveCfg = Development_Editor|x64
		{0BF45DC2-C979-4E6C-855F-D8D5D3EFDBF9}.Development Editor|Win64.Build.0 = Development_Editor|x64
		{0BF45DC2-C979-4E6C-855F-D8D5D3EFDBF9}.Development|HTML5.ActiveCfg = HTML5_Development_Game|Win32
		{0BF45DC2-C979-4E6C-855F-D8D5D3EFDBF9}.Development|HTML5.Build.0 = HTML5_Development_Game|Win32
		{0BF45DC2-C979-4E6C-855F-D8D5D3EFDBF9}.Development|Win32.ActiveCfg = Development_Game|Win32
		{0BF45DC2-C979-4E6C-855F-D8D5D3EFDBF9}.Development|Win32.Build.0 = Development_Game|Win32
		{0BF45DC2-C979-4E6C-855F-D8D5D3EFDBF9}.Development|Win64.ActiveCfg = Development_Game|x64
		{0BF45DC2-C979-4E6C-855F-D8D5D3EFDBF9}.Development|Win64.Build.0 = Development_Game|x64
		{0BF45DC2-C979-4E6C-855F-D8D5D3EFDBF9}.Shipping|HTML5.ActiveCfg = HTML5_Shipping_Game|Win32
		{0BF45DC2-C979-4E6C-855F-D8D5D3EFDBF9}.Shipping|HTML5.Build.0 = HTML5_Shipping_Game|Win32
		{0BF45DC2-C979-4E6C-855F-D8D5D3EFDBF9}.Shipping|Win32.ActiveCfg = Shipping_Game|Win32
		{0BF45DC2-C979-4E6C-855F-D8D5D3EFDBF9}.Shipping|Win32.Build.0 = Shipping_Game|Win32
		{0BF45DC2-C979-4E6C-855F-D8D5D3EFDBF9}.Shipping|Win64.ActiveCfg = Shipping_Game|x64
		{0BF45DC2-C979-4E6C-855F-D8D5D3EFDBF9}.Shipping|Win64.Build.0 = Shipping_Game|x64
	EndGlobalSection
	GlobalSection(SolutionProperties) = preSolution
		HideSolutionNode = FALSE
	EndGlobalSection
	GlobalSection(NestedProjects) = preSolution
		{457BE255-B4EA-4EB0-9E7D-25BEEF129B4D} = {D25AA86A-8D22-4EB5-B527-D951AFB3B74E}
		{0BF45DC2-C979-4E6C-855F-D8D5D3EFDBF9} = {A528CEEA-7744-42E7-98A3-C496D103EAFE}
	EndGlobalSection
EndGlobal
